
Microsoft Visual Studio Solution File, Format Version 12.00
# Visual Studio Version 17
VisualStudioVersion = 17.6.33815.320
MinimumVisualStudioVersion = 10.0.40219.1
Project("{FAE04EC0-301F-11D3-BF4B-00C04F79EFBC}") = "Estacionamento", "Estacionamento\Estacionamento.csproj", "{763A63BF-05C3-4010-8D2A-7653D4E66C93}"
EndProject
Global
	GlobalSection(SolutionConfigurationPlatforms) = preSolution
		Debug|Any CPU = Debug|Any CPU
		Release|Any CPU = Release|Any CPU
	EndGlobalSection
	GlobalSection(ProjectConfigurationPlatforms) = postSolution
		{763A63BF-05C3-4010-8D2A-7653D4E66C93}.Debug|Any CPU.ActiveCfg = Debug|Any CPU
		{763A63BF-05C3-4010-8D2A-7653D4E66C93}.Debug|Any CPU.Build.0 = Debug|Any CPU
		{763A63BF-05C3-4010-8D2A-7653D4E66C93}.Release|Any CPU.ActiveCfg = Release|Any CPU
		{763A63BF-05C3-4010-8D2A-7653D4E66C93}.Release|Any CPU.Build.0 = Release|Any CPU
	EndGlobalSection
	GlobalSection(SolutionProperties) = preSolution
		HideSolutionNode = FALSE
	EndGlobalSection
	GlobalSection(ExtensibilityGlobals) = postSolution
		SolutionGuid = {58229333-4C5C-4023-81B7-F32DBE34F6E5}
	EndGlobalSection
EndGlobal
